// !$*UTF8*$!
{
	archiveVersion = 1;
	classes = {
	};
	objectVersion = 110;
	objects = {

/* Begin PBXContainerItemProxy section */
		12EA1DD5307045DC001198BD /* PBXContainerItemProxy */ = {
			isa = PBXContainerItemProxy;
			containerPortal = 12EA1DBF307045D8001198BD /* Project object */;
			proxyType = 1;
			remoteGlobalIDString = 12EA1DC6307045D8001198BD;
			remoteInfo = ImageLoader;
		};
		12EA1DDF307045DC001198BD /* PBXContainerItemProxy */ = {
			isa = PBXContainerItemProxy;
			containerPortal = 12EA1DBF307045D8001198BD /* Project object */;
			proxyType = 1;
			remoteGlobalIDString = 12EA1DC6307045D8001198BD;
			remoteInfo = ImageLoader;
		};
/* End PBXContainerItemProxy section */

/* Begin PBXFileReference section */
		12EA1DC7307045D8001198BD /* ImageLoader.app */ = {isa = PBXFileReference; explicitFileType = wrapper.application; includeInIndex = 0; path = ImageLoader.app; sourceTree = BUILT_PRODUCTS_DIR; };
		12EA1DD4307045DC001198BD /* ImageLoaderTests.xctest */ = {isa = PBXFileReference; explicitFileType = wrapper.cfbundle; includeInIndex = 0; path = ImageLoaderTests.xctest; sourceTree = BUILT_PRODUCTS_DIR; };
		12EA1DDE307045DC001198BD /* ImageLoaderUITests.xctest */ = {isa = PBXFileReference; explicitFileType = wrapper.cfbundle; includeInIndex = 0; path = ImageLoaderUITests.xctest; sourceTree = BUILT_PRODUCTS_DIR; };
/* End PBXFileReference section */

/* Begin PBXFileSystemSynchronizedRootGroup section */
		12EA1DC9307045D8001198BD /* ImageLoader */ = {
			isa = PBXFileSystemSynchronizedRootGroup;
			path = ImageLoader;
			sourceTree = "<group>";
		};
		12EA1DD7307045DC001198BD /* ImageLoaderTests */ = {
			isa = PBXFileSystemSynchronizedRootGroup;
			path = ImageLoaderTests;
			sourceTree = "<group>";
		};
		12EA1DE1307045DC001198BD /* ImageLoaderUITests */ = {
			isa = PBXFileSystemSynchronizedRootGroup;
			path = ImageLoaderUITests;
			sourceTree = "<group>";
		};
/* End PBXFileSystemSynchronizedRootGroup section */

/* Begin PBXFrameworksBuildPhase section */
		12EA1DC4307045D8001198BD /* Frameworks */ = {
			isa = PBXFrameworksBuildPhase;
			files = (
			);
		};
		12EA1DD1307045DC001198BD /* Frameworks */ = {
			isa = PBXFrameworksBuildPhase;
			files = (
			);
		};
		12EA1DDB307045DC001198BD /* Frameworks */ = {
			isa = PBXFrameworksBuildPhase;
			files = (
			);
		};
/* End PBXFrameworksBuildPhase section */

/* Begin PBXGroup section */
		12EA1DBE307045D8001198BD = {
			isa = PBXGroup;
			children = (
				12EA1DC9307045D8001198BD /* ImageLoader */,
				12EA1DD7307045DC001198BD /* ImageLoaderTests */,
				12EA1DE1307045DC001198BD /* ImageLoaderUITests */,
				12EA1DC8307045D8001198BD /* Products */,
			);
			sourceTree = "<group>";
		};
		12EA1DC8307045D8001198BD /* Products */ = {
			isa = PBXGroup;
			children = (
				12EA1DC7307045D8001198BD /* ImageLoader.app */,
				12EA1DD4307045DC001198BD /* ImageLoaderTests.xctest */,
				12EA1DDE307045DC001198BD /* ImageLoaderUITests.xctest */,
			);
			name = Products;
			sourceTree = "<group>";
		};
/* End PBXGroup section */

/* Begin PBXNativeTarget section */
		12EA1DC6307045D8001198BD /* ImageLoader */ = {
			isa = PBXNativeTarget;
			buildConfigurationList = 12EA1DE6307045DC001198BD /* Build configuration list for PBXNativeTarget "ImageLoader" */;
			buildPhases = (
				12EA1DC3307045D8001198BD /* Sources */,
				12EA1DC4307045D8001198BD /* Frameworks */,
				12EA1DC5307045D8001198BD /* Resources */,
			);
			buildRules = (
			);
			fileSystemSynchronizedGroups = (
				12EA1DC9307045D8001198BD /* ImageLoader */,
			);
			name = ImageLoader;
			productName = ImageLoader;
			productReference = 12EA1DC7307045D8001198BD /* ImageLoader.app */;
			productType = "com.apple.product-type.application";
		};
		12EA1DD3307045DC001198BD /* ImageLoaderTests */ = {
			isa = PBXNativeTarget;
			buildConfigurationList = 12EA1DE9307045DC001198BD /* Build configuration list for PBXNativeTarget "ImageLoaderTests" */;
			buildPhases = (
				12EA1DD0307045DC001198BD /* Sources */,
				12EA1DD1307045DC001198BD /* Frameworks */,
				12EA1DD2307045DC001198BD /* Resources */,
			);
			buildRules = (
			);
			dependencies = (
				12EA1DD6307045DC001198BD /* PBXTargetDependency */,
			);
			fileSystemSynchronizedGroups = (
				12EA1DD7307045DC001198BD /* ImageLoaderTests */,
			);
			name = ImageLoaderTests;
			productName = ImageLoaderTests;
			productReference = 12EA1DD4307045DC001198BD /* ImageLoaderTests.xctest */;
			productType = "com.apple.product-type.bundle.unit-test";
		};
		12EA1DDD307045DC001198BD /* ImageLoaderUITests */ = {
			isa = PBXNativeTarget;
			buildConfigurationList = 12EA1DEC307045DC001198BD /* Build configuration list for PBXNativeTarget "ImageLoaderUITests" */;
			buildPhases = (
				12EA1DDA307045DC001198BD /* Sources */,
				12EA1DDB307045DC001198BD /* Frameworks */,
				12EA1DDC307045DC001198BD /* Resources */,
			);
			buildRules = (
			);
			dependencies = (
				12EA1DE0307045DC001198BD /* PBXTargetDependency */,
			);
			fileSystemSynchronizedGroups = (
				12EA1DE1307045DC001198BD /* ImageLoaderUITests */,
			);
			name = ImageLoaderUITests;
			productName = ImageLoaderUITests;
			productReference = 12EA1DDE307045DC001198BD /* ImageLoaderUITests.xctest */;
			productType = "com.apple.product-type.bundle.ui-testing";
		};
/* End PBXNativeTarget section */

/* Begin PBXProject section */
		12EA1DBF307045D8001198BD /* Project object */ = {
			isa = PBXProject;
			attributes = {
				BuildIndependentTargetsInParallel = 1;
				LastSwiftUpdateCheck = 2700;
				LastUpgradeCheck = 2700;
				TargetAttributes = {
					12EA1DC6307045D8001198BD = {
						CreatedOnToolsVersion = 27.0;
					};
					12EA1DD3307045DC001198BD = {
						CreatedOnToolsVersion = 27.0;
						TestTargetID = 12EA1DC6307045D8001198BD;
					};
					12EA1DDD307045DC001198BD = {
						CreatedOnToolsVersion = 27.0;
						TestTargetID = 12EA1DC6307045D8001198BD;
					};
				};
			};
			buildConfigurationList = 12EA1DC2307045D8001198BD /* Build configuration list for PBXProject "ImageLoader" */;
			developmentRegion = en;
			hasScannedForEncodings = 0;
			knownRegions = (
				en,
				Base,
			);
			mainGroup = 12EA1DBE307045D8001198BD;
			minimizedProjectReferenceProxies = 1;
			preferredProjectObjectVersion = 77;
			productRefGroup = 12EA1DC8307045D8001198BD /* Products */;
			projectDirPath = "";
			projectRoot = "";
			targets = (
				12EA1DC6307045D8001198BD /* ImageLoader */,
				12EA1DD3307045DC001198BD /* ImageLoaderTests */,
				12EA1DDD307045DC001198BD /* ImageLoaderUITests */,
			);
		};
/* End PBXProject section */

/* Begin PBXResourcesBuildPhase section */
		12EA1DC5307045D8001198BD /* Resources */ = {
			isa = PBXResourcesBuildPhase;
			files = (
			);
		};
		12EA1DD2307045DC001198BD /* Resources */ = {
			isa = PBXResourcesBuildPhase;
			files = (
			);
		};
		12EA1DDC307045DC001198BD /* Resources */ = {
			isa = PBXResourcesBuildPhase;
			files = (
			);
		};
/* End PBXResourcesBuildPhase section */

/* Begin PBXSourcesBuildPhase section */
		12EA1DC3307045D8001198BD /* Sources */ = {
			isa = PBXSourcesBuildPhase;
			files = (
			);
		};
		12EA1DD0307045DC001198BD /* Sources */ = {
			isa = PBXSourcesBuildPhase;
			files = (
			);
		};
		12EA1DDA307045DC001198BD /* Sources */ = {
			isa = PBXSourcesBuildPhase;
			files = (
			);
		};
/* End PBXSourcesBuildPhase section */

/* Begin PBXTargetDependency section */
		12EA1DD6307045DC001198BD /* PBXTargetDependency */ = {
			isa = PBXTargetDependency;
			target = 12EA1DC6307045D8001198BD /* ImageLoader */;
			targetProxy = 12EA1DD5307045DC001198BD /* PBXContainerItemProxy */;
		};
		12EA1DE0307045DC001198BD /* PBXTargetDependency */ = {
			isa = PBXTargetDependency;
			target = 12EA1DC6307045D8001198BD /* ImageLoader */;
			targetProxy = 12EA1DDF307045DC001198BD /* PBXContainerItemProxy */;
		};
/* End PBXTargetDependency section */

/* Begin XCBuildConfiguration section */
		12EA1DE4307045DC001198BD /* Debug configuration for PBXProject "ImageLoader" */ = {
			isa = XCBuildConfiguration;
			buildSettings = {
				ALWAYS_SEARCH_USER_PATHS = NO;
				ASSETCATALOG_COMPILER_GENERATE_SWIFT_ASSET_SYMBOL_EXTENSIONS = YES;
				CLANG_ANALYZER_NONNULL = YES;
				CLANG_ANALYZER_NUMBER_OBJECT_CONVERSION = YES_AGGRESSIVE;
				CLANG_CXX_LANGUAGE_STANDARD = "gnu++20";
				CLANG_ENABLE_MODULES = YES;
				CLANG_ENABLE_OBJC_ARC = YES;
				CLANG_ENABLE_OBJC_WEAK = YES;
				CLANG_WARN_BLOCK_CAPTURE_AUTORELEASING = YES;
				CLANG_WARN_BOOL_CONVERSION = YES;
				CLANG_WARN_COMMA = YES;
				CLANG_WARN_CONSTANT_CONVERSION = YES;
				CLANG_WARN_DEPRECATED_OBJC_IMPLEMENTATIONS = YES;
				CLANG_WARN_DIRECT_OBJC_ISA_USAGE = YES_ERROR;
				CLANG_WARN_DOCUMENTATION_COMMENTS = YES;
				CLANG_WARN_EMPTY_BODY = YES;
				CLANG_WARN_ENUM_CONVERSION = YES;
				CLANG_WARN_INFINITE_RECURSION = YES;
				CLANG_WARN_INT_CONVERSION = YES;
				CLANG_WARN_NON_LITERAL_NULL_CONVERSION = YES;
				CLANG_WARN_OBJC_IMPLICIT_RETAIN_SELF = YES;
				CLANG_WARN_OBJC_LITERAL_CONVERSION = YES;
				CLANG_WARN_OBJC_ROOT_CLASS = YES_ERROR;
				CLANG_WARN_QUOTED_INCLUDE_IN_FRAMEWORK_HEADER = YES;
				CLANG_WARN_RANGE_LOOP_ANALYSIS = YES;
				CLANG_WARN_STRICT_PROTOTYPES = YES;
				CLANG_WARN_SUSPICIOUS_MOVE = YES;
				CLANG_WARN_UNGUARDED_AVAILABILITY = YES_AGGRESSIVE;
				CLANG_WARN_UNREACHABLE_CODE = YES;
				CLANG_WARN__DUPLICATE_METHOD_MATCH = YES;
				COPY_PHASE_STRIP = NO;
				DEBUG_INFORMATION_FORMAT = dwarf;
				ENABLE_STRICT_OBJC_MSGSEND = YES;
				ENABLE_TESTABILITY = YES;
				ENABLE_USER_SCRIPT_SANDBOXING = YES;
				GCC_C_LANGUAGE_STANDARD = gnu17;
				GCC_DYNAMIC_NO_PIC = NO;
				GCC_NO_COMMON_BLOCKS = YES;
				GCC_OPTIMIZATION_LEVEL = 0;
				GCC_PREPROCESSOR_DEFINITIONS = (
					"DEBUG=1",
					"$(inherited)",
				);
				GCC_WARN_64_TO_32_BIT_CONVERSION = YES;
				GCC_WARN_ABOUT_RETURN_TYPE = YES_ERROR;
				GCC_WARN_UNDECLARED_SELECTOR = YES;
				GCC_WARN_UNINITIALIZED_AUTOS = YES_AGGRESSIVE;
				GCC_WARN_UNUSED_FUNCTION = YES;
				GCC_WARN_UNUSED_VARIABLE = YES;
				IPHONEOS_DEPLOYMENT_TARGET = 27.0;
				LOCALIZATION_PREFERS_STRING_CATALOGS = YES;
				MTL_ENABLE_DEBUG_INFO = INCLUDE_SOURCE;
				MTL_FAST_MATH = YES;
				ONLY_ACTIVE_ARCH = YES;
				SDKROOT = iphoneos;
				SWIFT_ACTIVE_COMPILATION_CONDITIONS = "DEBUG $(inherited)";
				SWIFT_OPTIMIZATION_LEVEL = "-Onone";
			};
			name = Debug;
		};
		12EA1DE5307045DC001198BD /* Release configuration for PBXProject "ImageLoader" */ = {
			isa = XCBuildConfiguration;
			buildSettings = {
				ALWAYS_SEARCH_USER_PATHS = NO;
				ASSETCATALOG_COMPILER_GENERATE_SWIFT_ASSET_SYMBOL_EXTENSIONS = YES;
				CLANG_ANALYZER_NONNULL = YES;
				CLANG_ANALYZER_NUMBER_OBJECT_CONVERSION = YES_AGGRESSIVE;
				CLANG_CXX_LANGUAGE_STANDARD = "gnu++20";
				CLANG_ENABLE_MODULES = YES;
				CLANG_ENABLE_OBJC_ARC = YES;
				CLANG_ENABLE_OBJC_WEAK = YES;
				CLANG_WARN_BLOCK_CAPTURE_AUTORELEASING = YES;
				CLANG_WARN_BOOL_CONVERSION = YES;
				CLANG_WARN_COMMA = YES;
				CLANG_WARN_CONSTANT_CONVERSION = YES;
				CLANG_WARN_DEPRECATED_OBJC_IMPLEMENTATIONS = YES;
				CLANG_WARN_DIRECT_OBJC_ISA_USAGE = YES_ERROR;
				CLANG_WARN_DOCUMENTATION_COMMENTS = YES;
				CLANG_WARN_EMPTY_BODY = YES;
				CLANG_WARN_ENUM_CONVERSION = YES;
				CLANG_WARN_INFINITE_RECURSION = YES;
				CLANG_WARN_INT_CONVERSION = YES;
				CLANG_WARN_NON_LITERAL_NULL_CONVERSION = YES;
				CLANG_WARN_OBJC_IMPLICIT_RETAIN_SELF = YES;
				CLANG_WARN_OBJC_LITERAL_CONVERSION = YES;
				CLANG_WARN_OBJC_ROOT_CLASS = YES_ERROR;
				CLANG_WARN_QUOTED_INCLUDE_IN_FRAMEWORK_HEADER = YES;
				CLANG_WARN_RANGE_LOOP_ANALYSIS = YES;
				CLANG_WARN_STRICT_PROTOTYPES = YES;
				CLANG_WARN_SUSPICIOUS_MOVE = YES;
				CLANG_WARN_UNGUARDED_AVAILABILITY = YES_AGGRESSIVE;
				CLANG_WARN_UNREACHABLE_CODE = YES;
				CLANG_WARN__DUPLICATE_METHOD_MATCH = YES;
				COPY_PHASE_STRIP = NO;
				DEBUG_INFORMATION_FORMAT = "dwarf-with-dsym";
				ENABLE_NS_ASSERTIONS = NO;
				ENABLE_STRICT_OBJC_MSGSEND = YES;
				ENABLE_USER_SCRIPT_SANDBOXING = YES;
				GCC_C_LANGUAGE_STANDARD = gnu17;
				GCC_NO_COMMON_BLOCKS = YES;
				GCC_WARN_64_TO_32_BIT_CONVERSION = YES;
				GCC_WARN_ABOUT_RETURN_TYPE = YES_ERROR;
				GCC_WARN_UNDECLARED_SELECTOR = YES;
				GCC_WARN_UNINITIALIZED_AUTOS = YES_AGGRESSIVE;
				GCC_WARN_UNUSED_FUNCTION = YES;
				GCC_WARN_UNUSED_VARIABLE = YES;
				IPHONEOS_DEPLOYMENT_TARGET = 27.0;
				LOCALIZATION_PREFERS_STRING_CATALOGS = YES;
				MTL_ENABLE_DEBUG_INFO = NO;
				MTL_FAST_MATH = YES;
				SDKROOT = iphoneos;
				SWIFT_COMPILATION_MODE = wholemodule;
				VALIDATE_PRODUCT = YES;
			};
			name = Release;
		};
		12EA1DE7307045DC001198BD /* Debug configuration for PBXNativeTarget "ImageLoader" */ = {
			isa = XCBuildConfiguration;
			buildSettings = {
				ASSETCATALOG_COMPILER_APPICON_NAME = AppIcon;
				ASSETCATALOG_COMPILER_GLOBAL_ACCENT_COLOR_NAME = AccentColor;
				CODE_SIGN_STYLE = Automatic;
				CURRENT_PROJECT_VERSION = 1;
				ENABLE_PREVIEWS = YES;
				GENERATE_INFOPLIST_FILE = YES;
				INFOPLIST_KEY_UIApplicationSceneManifest_Generation = YES;
				INFOPLIST_KEY_UIApplicationSupportsIndirectInputEvents = YES;
				INFOPLIST_KEY_UILaunchScreen_Generation = YES;
				INFOPLIST_KEY_UISupportedInterfaceOrientations_iPad = "UIInterfaceOrientationPortrait UIInterfaceOrientationPortraitUpsideDown UIInterfaceOrientationLandscapeLeft UIInterfaceOrientationLandscapeRight";
				INFOPLIST_KEY_UISupportedInterfaceOrientations_iPhone = "UIInterfaceOrientationPortrait UIInterfaceOrientationLandscapeLeft UIInterfaceOrientationLandscapeRight";
				LD_RUNPATH_SEARCH_PATHS = (
					"$(inherited)",
					"@executable_path/Frameworks",
				);
				MARKETING_VERSION = 1.0;
				PRODUCT_BUNDLE_IDENTIFIER = com.craze2code.ImageLoader;
				PRODUCT_NAME = "$(TARGET_NAME)";
				STRING_CATALOG_GENERATE_SYMBOLS = YES;
				SWIFT_APPROACHABLE_CONCURRENCY = YES;
				SWIFT_DEFAULT_ACTOR_ISOLATION = MainActor;
				SWIFT_EMIT_LOC_STRINGS = YES;
				SWIFT_UPCOMING_FEATURE_MEMBER_IMPORT_VISIBILITY = YES;
				SWIFT_VERSION = 5.0;
				TARGETED_DEVICE_FAMILY = "1,2";
			};
			name = Debug;
		};
		12EA1DE8307045DC001198BD /* Release configuration for PBXNativeTarget "ImageLoader" */ = {
			isa = XCBuildConfiguration;
			buildSettings = {
				ASSETCATALOG_COMPILER_APPICON_NAME = AppIcon;
				ASSETCATALOG_COMPILER_GLOBAL_ACCENT_COLOR_NAME = AccentColor;
				CODE_SIGN_STYLE = Automatic;
				CURRENT_PROJECT_VERSION = 1;
				ENABLE_PREVIEWS = YES;
				GENERATE_INFOPLIST_FILE = YES;
				INFOPLIST_KEY_UIApplicationSceneManifest_Generation = YES;
				INFOPLIST_KEY_UIApplicationSupportsIndirectInputEvents = YES;
				INFOPLIST_KEY_UILaunchScreen_Generation = YES;
				INFOPLIST_KEY_UISupportedInterfaceOrientations_iPad = "UIInterfaceOrientationPortrait UIInterfaceOrientationPortraitUpsideDown UIInterfaceOrientationLandscapeLeft UIInterfaceOrientationLandscapeRight";
				INFOPLIST_KEY_UISupportedInterfaceOrientations_iPhone = "UIInterfaceOrientationPortrait UIInterfaceOrientationLandscapeLeft UIInterfaceOrientationLandscapeRight";
				LD_RUNPATH_SEARCH_PATHS = (
					"$(inherited)",
					"@executable_path/Frameworks",
				);
				MARKETING_VERSION = 1.0;
				PRODUCT_BUNDLE_IDENTIFIER = com.craze2code.ImageLoader;
				PRODUCT_NAME = "$(TARGET_NAME)";
				STRING_CATALOG_GENERATE_SYMBOLS = YES;
				SWIFT_APPROACHABLE_CONCURRENCY = YES;
				SWIFT_DEFAULT_ACTOR_ISOLATION = MainActor;
				SWIFT_EMIT_LOC_STRINGS = YES;
				SWIFT_UPCOMING_FEATURE_MEMBER_IMPORT_VISIBILITY = YES;
				SWIFT_VERSION = 5.0;
				TARGETED_DEVICE_FAMILY = "1,2";
			};
			name = Release;
		};
		12EA1DEA307045DC001198BD /* Debug configuration for PBXNativeTarget "ImageLoaderTests" */ = {
			isa = XCBuildConfiguration;
			buildSettings = {
				BUNDLE_LOADER = "$(TEST_HOST)";
				CODE_SIGN_STYLE = Automatic;
				CURRENT_PROJECT_VERSION = 1;
				GENERATE_INFOPLIST_FILE = YES;
				IPHONEOS_DEPLOYMENT_TARGET = 27.0;
				MARKETING_VERSION = 1.0;
				PRODUCT_BUNDLE_IDENTIFIER = com.craze2code.ImageLoaderTests;
				PRODUCT_NAME = "$(TARGET_NAME)";
				STRING_CATALOG_GENERATE_SYMBOLS = NO;
				SWIFT_APPROACHABLE_CONCURRENCY = YES;
				SWIFT_EMIT_LOC_STRINGS = NO;
				SWIFT_UPCOMING_FEATURE_MEMBER_IMPORT_VISIBILITY = YES;
				SWIFT_VERSION = 5.0;
				TARGETED_DEVICE_FAMILY = "1,2";
				TEST_HOST = "$(BUILT_PRODUCTS_DIR)/ImageLoader.app/$(BUNDLE_EXECUTABLE_FOLDER_PATH)/ImageLoader";
			};
			name = Debug;
		};
		12EA1DEB307045DC001198BD /* Release configuration for PBXNativeTarget "ImageLoaderTests" */ = {
			isa = XCBuildConfiguration;
			buildSettings = {
				BUNDLE_LOADER = "$(TEST_HOST)";
				CODE_SIGN_STYLE = Automatic;
				CURRENT_PROJECT_VERSION = 1;
				GENERATE_INFOPLIST_FILE = YES;
				IPHONEOS_DEPLOYMENT_TARGET = 27.0;
				MARKETING_VERSION = 1.0;
				PRODUCT_BUNDLE_IDENTIFIER = com.craze2code.ImageLoaderTests;
				PRODUCT_NAME = "$(TARGET_NAME)";
				STRING_CATALOG_GENERATE_SYMBOLS = NO;
				SWIFT_APPROACHABLE_CONCURRENCY = YES;
				SWIFT_EMIT_LOC_STRINGS = NO;
				SWIFT_UPCOMING_FEATURE_MEMBER_IMPORT_VISIBILITY = YES;
				SWIFT_VERSION = 5.0;
				TARGETED_DEVICE_FAMILY = "1,2";
				TEST_HOST = "$(BUILT_PRODUCTS_DIR)/ImageLoader.app/$(BUNDLE_EXECUTABLE_FOLDER_PATH)/ImageLoader";
			};
			name = Release;
		};
		12EA1DED307045DC001198BD /* Debug configuration for PBXNativeTarget "ImageLoaderUITests" */ = {
			isa = XCBuildConfiguration;
			buildSettings = {
				CODE_SIGN_STYLE = Automatic;
				CURRENT_PROJECT_VERSION = 1;
				GENERATE_INFOPLIST_FILE = YES;
				MARKETING_VERSION = 1.0;
				PRODUCT_BUNDLE_IDENTIFIER = com.craze2code.ImageLoaderUITests;
				PRODUCT_NAME = "$(TARGET_NAME)";
				STRING_CATALOG_GENERATE_SYMBOLS = NO;
				SWIFT_APPROACHABLE_CONCURRENCY = YES;
				SWIFT_EMIT_LOC_STRINGS = NO;
				SWIFT_UPCOMING_FEATURE_MEMBER_IMPORT_VISIBILITY = YES;
				SWIFT_VERSION = 5.0;
				TARGETED_DEVICE_FAMILY = "1,2";
				TEST_TARGET_NAME = ImageLoader;
			};
			name = Debug;
		};
		12EA1DEE307045DC001198BD /* Release configuration for PBXNativeTarget "ImageLoaderUITests" */ = {
			isa = XCBuildConfiguration;
			buildSettings = {
				CODE_SIGN_STYLE = Automatic;
				CURRENT_PROJECT_VERSION = 1;
				GENERATE_INFOPLIST_FILE = YES;
				MARKETING_VERSION = 1.0;
				PRODUCT_BUNDLE_IDENTIFIER = com.craze2code.ImageLoaderUITests;
				PRODUCT_NAME = "$(TARGET_NAME)";
				STRING_CATALOG_GENERATE_SYMBOLS = NO;
				SWIFT_APPROACHABLE_CONCURRENCY = YES;
				SWIFT_EMIT_LOC_STRINGS = NO;
				SWIFT_UPCOMING_FEATURE_MEMBER_IMPORT_VISIBILITY = YES;
				SWIFT_VERSION = 5.0;
				TARGETED_DEVICE_FAMILY = "1,2";
				TEST_TARGET_NAME = ImageLoader;
			};
			name = Release;
		};
/* End XCBuildConfiguration section */

/* Begin XCConfigurationList section */
		12EA1DC2307045D8001198BD /* Build configuration list for PBXProject "ImageLoader" */ = {
			isa = XCConfigurationList;
			buildConfigurations = (
				12EA1DE4307045DC001198BD /* Debug configuration for PBXProject "ImageLoader" */,
				12EA1DE5307045DC001198BD /* Release configuration for PBXProject "ImageLoader" */,
			);
			defaultConfigurationName = Release;
		};
		12EA1DE6307045DC001198BD /* Build configuration list for PBXNativeTarget "ImageLoader" */ = {
			isa = XCConfigurationList;
			buildConfigurations = (
				12EA1DE7307045DC001198BD /* Debug configuration for PBXNativeTarget "ImageLoader" */,
				12EA1DE8307045DC001198BD /* Release configuration for PBXNativeTarget "ImageLoader" */,
			);
			defaultConfigurationName = Release;
		};
		12EA1DE9307045DC001198BD /* Build configuration list for PBXNativeTarget "ImageLoaderTests" */ = {
			isa = XCConfigurationList;
			buildConfigurations = (
				12EA1DEA307045DC001198BD /* Debug configuration for PBXNativeTarget "ImageLoaderTests" */,
				12EA1DEB307045DC001198BD /* Release configuration for PBXNativeTarget "ImageLoaderTests" */,
			);
			defaultConfigurationName = Release;
		};
		12EA1DEC307045DC001198BD /* Build configuration list for PBXNativeTarget "ImageLoaderUITests" */ = {
			isa = XCConfigurationList;
			buildConfigurations = (
				12EA1DED307045DC001198BD /* Debug configuration for PBXNativeTarget "ImageLoaderUITests" */,
				12EA1DEE307045DC001198BD /* Release configuration for PBXNativeTarget "ImageLoaderUITests" */,
			);
			defaultConfigurationName = Release;
		};
/* End XCConfigurationList section */
	};
	rootObject = 12EA1DBF307045D8001198BD /* Project object */;
	validationLevel = 1;
}
